# This file is automatically @generated by Cargo.
# It is not intended for manual editing.
version = 3

[[package]]
name = "flake-lang"
version = "0.1.0"
dependencies = [
 "flakec-ast",
 "flakec-lexer",
 "flakec-parser",
]

[[package]]
name = "flakec-ast"
version = "0.0.0"
dependencies = [
 "flakec-lexer",
 "plex",
]

[[package]]
name = "flakec-backend"
version = "0.0.0"
dependencies = [
 "flakec-lexer",
]

[[package]]
name = "flakec-backend-llvm"
version = "0.0.0"

[[package]]
name = "flakec-codegen"
version = "0.0.0"

[[package]]
name = "flakec-lexer"
version = "0.0.0"
dependencies = [
 "lexgen",
 "lexgen_util",
]

[[package]]
name = "flakec-middle"
version = "0.0.0"

[[package]]
name = "flakec-parser"
version = "0.0.0"
dependencies = [
 "flakec-ast",
 "flakec-lexer",
]

[[package]]
name = "flakec-parser-derive"
version = "0.1.0"
dependencies = [
 "quote",
 "syn",
]

[[package]]
name = "lalr"
version = "0.0.2"
source = "registry+https://github.com/rust-lang/crates.io-index"
checksum = "106d7548f95adbe3019b4fc4954554d7b72535867aa9ce326d2f766b68958de7"

[[package]]
name = "lexgen"
version = "0.15.0"
source = "registry+https://github.com/rust-lang/crates.io-index"
checksum = "1a69734eef9641d68b8491e34c8b58e7aaf7e1bd6cfdd7074f891d27de7df490"
dependencies = [
 "proc-macro2",
 "quote",
 "rustc-hash",
 "syn",
]

[[package]]
name = "lexgen_util"
version = "0.15.0"
source = "registry+https://github.com/rust-lang/crates.io-index"
checksum = "4baf00ccbcc047f3b67cec7ba751677aa58c0254dd1c2d2671aabd40647710cc"
dependencies = [
 "unicode-width",
]

[[package]]
name = "plex"
version = "0.3.0"
source = "registry+https://github.com/rust-lang/crates.io-index"
checksum = "23db74c6485b55f923692cda71d300e1d8f593d18ccba17fd54a90006299ff4b"
dependencies = [
 "lalr",
 "proc-macro2",
 "quote",
 "syn",
]

[[package]]
name = "proc-macro2"
version = "1.0.78"
source = "registry+https://github.com/rust-lang/crates.io-index"
checksum = "e2422ad645d89c99f8f3e6b88a9fdeca7fabeac836b1002371c4367c8f984aae"
dependencies = [
 "unicode-ident",
]

[[package]]
name = "quote"
version = "1.0.35"
source = "registry+https://github.com/rust-lang/crates.io-index"
checksum = "291ec9ab5efd934aaf503a6466c5d5251535d108ee747472c3977cc5acc868ef"
dependencies = [
 "proc-macro2",
]

[[package]]
name = "rustc-hash"
version = "1.1.0"
source = "registry+https://github.com/rust-lang/crates.io-index"
checksum = "08d43f7aa6b08d49f382cde6a7982047c3426db949b1424bc4b7ec9ae12c6ce2"

[[package]]
name = "syn"
version = "2.0.52"
source = "registry+https://github.com/rust-lang/crates.io-index"
checksum = "b699d15b36d1f02c3e7c69f8ffef53de37aefae075d8488d4ba1a7788d574a07"
dependencies = [
 "proc-macro2",
 "quote",
 "unicode-ident",
]

[[package]]
name = "unicode-ident"
version = "1.0.12"
source = "registry+https://github.com/rust-lang/crates.io-index"
checksum = "3354b9ac3fae1ff6755cb6db53683adb661634f67557942dea4facebec0fee4b"

[[package]]
name = "unicode-width"
version = "0.1.11"
source = "registry+https://github.com/rust-lang/crates.io-index"
checksum = "e51733f11c9c4f72aa0c160008246859e340b00807569a0da0e7a1079b27ba85"
